
Microsoft Visual Studio Solution File, Format Version 12.00
# Visual Studio Version 17
VisualStudioVersion = 17.6.33829.357
MinimumVisualStudioVersion = 10.0.40219.1
Project("{FAE04EC0-301F-11D3-BF4B-00C04F79EFBC}") = "AnnoOverlay", "AnnoOverlay\AnnoOverlay.csproj", "{76D18F0B-565E-4CA2-A429-4DE939B05853}"
EndProject
Project("{FAE04EC0-301F-11D3-BF4B-00C04F79EFBC}") = "AnnoOverlayUpdater", "AnnoOverlayUpdater\AnnoOverlayUpdater.csproj", "{9A475B63-C548-4BAC-A785-DCAD35E5C5E0}"
EndProject
Project("{FAE04EC0-301F-11D3-BF4B-00C04F79EFBC}") = "Json2XmlParameters", "Json2XmlParameters\Json2XmlParameters.csproj", "{5112A962-2A0A-423E-AC93-30110C5204F2}"
EndProject
Global
	GlobalSection(SolutionConfigurationPlatforms) = preSolution
		Debug|Any CPU = Debug|Any CPU
		Debug|x64 = Debug|x64
		Release|Any CPU = Release|Any CPU
		Release|x64 = Release|x64
	EndGlobalSection
	GlobalSection(ProjectConfigurationPlatforms) = postSolution
		{76D18F0B-565E-4CA2-A429-4DE939B05853}.Debug|Any CPU.ActiveCfg = Debug|Any CPU
		{76D18F0B-565E-4CA2-A429-4DE939B05853}.Debug|Any CPU.Build.0 = Debug|Any CPU
		{76D18F0B-565E-4CA2-A429-4DE939B05853}.Debug|x64.ActiveCfg = Debug|x64
		{76D18F0B-565E-4CA2-A429-4DE939B05853}.Debug|x64.Build.0 = Debug|x64
		{76D18F0B-565E-4CA2-A429-4DE939B05853}.Release|Any CPU.ActiveCfg = Release|Any CPU
		{76D18F0B-565E-4CA2-A429-4DE939B05853}.Release|Any CPU.Build.0 = Release|Any CPU
		{76D18F0B-565E-4CA2-A429-4DE939B05853}.Release|x64.ActiveCfg = Release|x64
		{76D18F0B-565E-4CA2-A429-4DE939B05853}.Release|x64.Build.0 = Release|x64
		{9A475B63-C548-4BAC-A785-DCAD35E5C5E0}.Debug|Any CPU.ActiveCfg = Debug|Any CPU
		{9A475B63-C548-4BAC-A785-DCAD35E5C5E0}.Debug|Any CPU.Build.0 = Debug|Any CPU
		{9A475B63-C548-4BAC-A785-DCAD35E5C5E0}.Debug|x64.ActiveCfg = Debug|Any CPU
		{9A475B63-C548-4BAC-A785-DCAD35E5C5E0}.Debug|x64.Build.0 = Debug|Any CPU
		{9A475B63-C548-4BAC-A785-DCAD35E5C5E0}.Release|Any CPU.ActiveCfg = Release|Any CPU
		{9A475B63-C548-4BAC-A785-DCAD35E5C5E0}.Release|Any CPU.Build.0 = Release|Any CPU
		{9A475B63-C548-4BAC-A785-DCAD35E5C5E0}.Release|x64.ActiveCfg = Release|Any CPU
		{9A475B63-C548-4BAC-A785-DCAD35E5C5E0}.Release|x64.Build.0 = Release|Any CPU
		{5112A962-2A0A-423E-AC93-30110C5204F2}.Debug|Any CPU.ActiveCfg = Debug|Any CPU
		{5112A962-2A0A-423E-AC93-30110C5204F2}.Debug|Any CPU.Build.0 = Debug|Any CPU
		{5112A962-2A0A-423E-AC93-30110C5204F2}.Debug|x64.ActiveCfg = Debug|Any CPU
		{5112A962-2A0A-423E-AC93-30110C5204F2}.Debug|x64.Build.0 = Debug|Any CPU
		{5112A962-2A0A-423E-AC93-30110C5204F2}.Release|Any CPU.ActiveCfg = Release|Any CPU
		{5112A962-2A0A-423E-AC93-30110C5204F2}.Release|Any CPU.Build.0 = Release|Any CPU
		{5112A962-2A0A-423E-AC93-30110C5204F2}.Release|x64.ActiveCfg = Release|Any CPU
		{5112A962-2A0A-423E-AC93-30110C5204F2}.Release|x64.Build.0 = Release|Any CPU
	EndGlobalSection
	GlobalSection(SolutionProperties) = preSolution
		HideSolutionNode = FALSE
	EndGlobalSection
	GlobalSection(ExtensibilityGlobals) = postSolution
		SolutionGuid = {B6AE4B36-83BB-494A-A2FE-52A708463A91}
	EndGlobalSection
EndGlobal
